
Microsoft Visual Studio Solution File, Format Version 12.00
# Visual Studio Version 17
VisualStudioVersion = 17.14.36221.1
MinimumVisualStudioVersion = 10.0.40219.1
Project("{8BC9CEB8-8B4A-11D0-8D11-00A0C91BC942}") = "Embroidery", "Embroidery\Embroidery.vcxproj", "{8966E6F2-FEE9-41DA-B6F2-51ACE83FFC66}"
EndProject
Project("{2150E333-8FDC-42A3-9474-1A3956D46DE8}") = ".github", ".github", "{02EA681E-C7D8-13C7-8484-4AC65E1B71E8}"
EndProject
Project("{2150E333-8FDC-42A3-9474-1A3956D46DE8}") = "workflows", "workflows", "{863BE7A8-028F-418E-8D48-2AAF0A0A7B5D}"
	ProjectSection(SolutionItems) = preProject
		tests.yml = tests.yml
	EndProjectSection
EndProject
Global
	GlobalSection(SolutionConfigurationPlatforms) = preSolution
		Debug|x64 = Debug|x64
		Debug|x86 = Debug|x86
		Release|x64 = Release|x64
		Release|x86 = Release|x86
	EndGlobalSection
	GlobalSection(ProjectConfigurationPlatforms) = postSolution
		{8966E6F2-FEE9-41DA-B6F2-51ACE83FFC66}.Debug|x64.ActiveCfg = Debug|x64
		{8966E6F2-FEE9-41DA-B6F2-51ACE83FFC66}.Debug|x64.Build.0 = Debug|x64
		{8966E6F2-FEE9-41DA-B6F2-51ACE83FFC66}.Debug|x86.ActiveCfg = Debug|Win32
		{8966E6F2-FEE9-41DA-B6F2-51ACE83FFC66}.Debug|x86.Build.0 = Debug|Win32
		{8966E6F2-FEE9-41DA-B6F2-51ACE83FFC66}.Release|x64.ActiveCfg = Release|x64
		{8966E6F2-FEE9-41DA-B6F2-51ACE83FFC66}.Release|x64.Build.0 = Release|x64
		{8966E6F2-FEE9-41DA-B6F2-51ACE83FFC66}.Release|x86.ActiveCfg = Release|Win32
		{8966E6F2-FEE9-41DA-B6F2-51ACE83FFC66}.Release|x86.Build.0 = Release|Win32
	EndGlobalSection
	GlobalSection(SolutionProperties) = preSolution
		HideSolutionNode = FALSE
	EndGlobalSection
	GlobalSection(NestedProjects) = preSolution
		{863BE7A8-028F-418E-8D48-2AAF0A0A7B5D} = {02EA681E-C7D8-13C7-8484-4AC65E1B71E8}
	EndGlobalSection
	GlobalSection(ExtensibilityGlobals) = postSolution
		SolutionGuid = {61AE9474-AE90-4946-A98A-B976BDD0EE78}
	EndGlobalSection
EndGlobal
